
Microsoft Visual Studio Solution File, Format Version 11.00
# Visual Studio 2010
Project("{8BC9CEB8-8B4A-11D0-8D11-00A0C91BC942}") = "QUITest", "QUITest\QUITest.vcxproj", "{22610AD4-1288-4E6D-AE62-1D7CFFA58010}"
EndProject
Global
	GlobalSection(SolutionConfigurationPlatforms) = preSolution
		Debug|Win32 = Debug|Win32
		Release|Win32 = Release|Win32
	EndGlobalSection
	GlobalSection(ProjectConfigurationPlatforms) = postSolution
		{22610AD4-1288-4E6D-AE62-1D7CFFA58010}.Debug|Win32.ActiveCfg = Debug|Win32
		{22610AD4-1288-4E6D-AE62-1D7CFFA58010}.Debug|Win32.Build.0 = Debug|Win32
		{22610AD4-1288-4E6D-AE62-1D7CFFA58010}.Release|Win32.ActiveCfg = Release|Win32
		{22610AD4-1288-4E6D-AE62-1D7CFFA58010}.Release|Win32.Build.0 = Release|Win32
	EndGlobalSection
	GlobalSection(SolutionProperties) = preSolution
		HideSolutionNode = FALSE
	EndGlobalSection
EndGlobal
